
Microsoft Visual Studio Solution File, Format Version 12.00
# Visual Studio Version 17
VisualStudioVersion = 17.14.36414.22
MinimumVisualStudioVersion = 10.0.40219.1
Project("{FAE04EC0-301F-11D3-BF4B-00C04F79EFBC}") = "ApartmentManagementSystem.API", "ApartmentManagementSystem.API\ApartmentManagementSystem.API.csproj", "{398D235C-FC7A-4344-8764-058DAC287743}"
EndProject
Project("{2150E333-8FDC-42A3-9474-1A3956D46DE8}") = "src", "src", "{02EA681E-C7D8-13C7-8484-4AC65E1B71E8}"
EndProject
Project("{2150E333-8FDC-42A3-9474-1A3956D46DE8}") = "Identity", "Identity", "{FB0DE5A1-CA16-450D-AE04-5D208BEA72B6}"
EndProject
Project("{2150E333-8FDC-42A3-9474-1A3956D46DE8}") = "Leasing", "Leasing", "{F4AFB6DF-CA54-4849-A39D-BA862A12282D}"
EndProject
Project("{2150E333-8FDC-42A3-9474-1A3956D46DE8}") = "Finance", "Finance", "{DB0DB53E-FBEA-425D-875B-CEE2DF07684C}"
EndProject
Project("{FAE04EC0-301F-11D3-BF4B-00C04F79EFBC}") = "Identity.Controller", "Identity\Identity.Controller\Identity.Controller.csproj", "{E8058C04-6448-43AB-9E1E-DF946410EAD3}"
EndProject
Project("{FAE04EC0-301F-11D3-BF4B-00C04F79EFBC}") = "Identity.Application", "Identity\Identity.Application\Identity.Application.csproj", "{06CC1F2F-F8C3-4375-A35E-B4D8A15AA241}"
EndProject
Project("{FAE04EC0-301F-11D3-BF4B-00C04F79EFBC}") = "Identity.Domain", "Identity\Identity.Domain\Identity.Domain.csproj", "{CFA0C990-845A-449A-999B-E28D457E3202}"
EndProject
Project("{FAE04EC0-301F-11D3-BF4B-00C04F79EFBC}") = "Identity.Infrastracture", "Identity\Identity.Infrastracture\Identity.Infrastracture.csproj", "{7796FF70-EB06-411E-A8F9-332269875716}"
EndProject
Project("{FAE04EC0-301F-11D3-BF4B-00C04F79EFBC}") = "Identity.IntegrationEvent", "Identity\Identity.IntegrationEvent\Identity.IntegrationEvent.csproj", "{65301599-FB95-49F2-9073-277C6E470002}"
EndProject
Project("{FAE04EC0-301F-11D3-BF4B-00C04F79EFBC}") = "Leasing.Domain", "Leasing\Leasing.Domain\Leasing.Domain.csproj", "{8DCCF8E6-79C4-4D10-9F60-FBC709024128}"
EndProject
Project("{FAE04EC0-301F-11D3-BF4B-00C04F79EFBC}") = "Leasing.Application", "Leasing\Leasing.Application\Leasing.Application.csproj", "{06131092-3C46-4D6B-85CE-4C962F01FCF7}"
EndProject
Project("{FAE04EC0-301F-11D3-BF4B-00C04F79EFBC}") = "Leasing.Infrastracture", "Leasing\Leasing.Infrastracture\Leasing.Infrastracture.csproj", "{76694462-E911-4E65-8CB9-54D90750B33B}"
EndProject
Project("{FAE04EC0-301F-11D3-BF4B-00C04F79EFBC}") = "Leasing.Controller", "Leasing\Leasing.Controller\Leasing.Controller.csproj", "{1B61368C-E2B3-455B-A155-3745EA72510D}"
EndProject
Project("{FAE04EC0-301F-11D3-BF4B-00C04F79EFBC}") = "Leasing.IntegrationEvent", "Leasing\Leasing.IntegrationEvent\Leasing.IntegrationEvent.csproj", "{BAA09C9D-0B10-4976-8EB2-293E0B215494}"
EndProject
Project("{FAE04EC0-301F-11D3-BF4B-00C04F79EFBC}") = "ApartmentManagementSystem.Contracts", "ApartmentManagementSystem.Contracts\ApartmentManagementSystem.Contracts.csproj", "{0CCF0C3F-8822-42D6-9487-19CAF0C2CDC0}"
EndProject
Project("{FAE04EC0-301F-11D3-BF4B-00C04F79EFBC}") = "ApartmentManagementSystem.SharedKernel", "ApartmentManagementSystem.SharedKernel\ApartmentManagementSystem.SharedKernel.csproj", "{3B44B905-ECD9-4E75-A796-D333CCEC0EB3}"
EndProject
Project("{2150E333-8FDC-42A3-9474-1A3956D46DE8}") = "Property", "Property", "{CEDE97F9-F878-41EE-B659-77C3002B59C3}"
EndProject
Project("{FAE04EC0-301F-11D3-BF4B-00C04F79EFBC}") = "Property.Domain", "Property\Property.Domain\Property.Domain.csproj", "{42BCC8B4-773E-49F6-8A70-B6DB5010ABF4}"
EndProject
Project("{FAE04EC0-301F-11D3-BF4B-00C04F79EFBC}") = "Property.Controller", "Property\Property.Controller\Property.Controller.csproj", "{596E9697-388F-4123-B52C-DDF574E048D0}"
EndProject
Project("{FAE04EC0-301F-11D3-BF4B-00C04F79EFBC}") = "Property.Application", "Property\Property.Application\Property.Application.csproj", "{9834CE9D-5406-40EA-8960-717B4C015B91}"
EndProject
Project("{FAE04EC0-301F-11D3-BF4B-00C04F79EFBC}") = "Property.Infrastracture", "Property\Property.Infrastracture\Property.Infrastracture.csproj", "{AE00810C-5918-494F-97CF-85D8385A8475}"
EndProject
Project("{FAE04EC0-301F-11D3-BF4B-00C04F79EFBC}") = "Property.IntegrationEvent", "Property\Property.IntegrationEvent\Property.IntegrationEvent.csproj", "{2F4E1260-7EA2-4FFC-8C90-CF4D2EAC659F}"
EndProject
Project("{FAE04EC0-301F-11D3-BF4B-00C04F79EFBC}") = "Finance.Application", "Finance\Finance.Application\Finance.Application.csproj", "{4086F991-2CF6-4D3B-800E-3B0D493FA3B9}"
EndProject
Project("{FAE04EC0-301F-11D3-BF4B-00C04F79EFBC}") = "Finance.Controller", "Finance\Finance.Controller\Finance.Controller.csproj", "{0425BDE4-57EB-4C9D-A461-861B9E07C825}"
EndProject
Project("{FAE04EC0-301F-11D3-BF4B-00C04F79EFBC}") = "Finance.Domain", "Finance\Finance.Domain\Finance.Domain.csproj", "{3CCC7D2D-252F-4639-90CC-CAFDF4B5CA8C}"
EndProject
Project("{FAE04EC0-301F-11D3-BF4B-00C04F79EFBC}") = "Finance.Infrastracture", "Finance\Finance.Infrastracture\Finance.Infrastracture.csproj", "{FF675CB2-520D-4D2C-8C1E-F1B3D0FDC5B1}"
EndProject
Project("{FAE04EC0-301F-11D3-BF4B-00C04F79EFBC}") = "Finance.IntergrationEvent", "Finance\Finance.IntergrationEvent\Finance.IntergrationEvent.csproj", "{BA890065-DAD7-481B-91A7-3F0270068A2D}"
EndProject
Global
	GlobalSection(SolutionConfigurationPlatforms) = preSolution
		Debug|Any CPU = Debug|Any CPU
		Release|Any CPU = Release|Any CPU
	EndGlobalSection
	GlobalSection(ProjectConfigurationPlatforms) = postSolution
		{398D235C-FC7A-4344-8764-058DAC287743}.Debug|Any CPU.ActiveCfg = Debug|Any CPU
		{398D235C-FC7A-4344-8764-058DAC287743}.Debug|Any CPU.Build.0 = Debug|Any CPU
		{398D235C-FC7A-4344-8764-058DAC287743}.Release|Any CPU.ActiveCfg = Release|Any CPU
		{398D235C-FC7A-4344-8764-058DAC287743}.Release|Any CPU.Build.0 = Release|Any CPU
		{E8058C04-6448-43AB-9E1E-DF946410EAD3}.Debug|Any CPU.ActiveCfg = Debug|Any CPU
		{E8058C04-6448-43AB-9E1E-DF946410EAD3}.Debug|Any CPU.Build.0 = Debug|Any CPU
		{E8058C04-6448-43AB-9E1E-DF946410EAD3}.Release|Any CPU.ActiveCfg = Release|Any CPU
		{E8058C04-6448-43AB-9E1E-DF946410EAD3}.Release|Any CPU.Build.0 = Release|Any CPU
		{06CC1F2F-F8C3-4375-A35E-B4D8A15AA241}.Debug|Any CPU.ActiveCfg = Debug|Any CPU
		{06CC1F2F-F8C3-4375-A35E-B4D8A15AA241}.Debug|Any CPU.Build.0 = Debug|Any CPU
		{06CC1F2F-F8C3-4375-A35E-B4D8A15AA241}.Release|Any CPU.ActiveCfg = Release|Any CPU
		{06CC1F2F-F8C3-4375-A35E-B4D8A15AA241}.Release|Any CPU.Build.0 = Release|Any CPU
		{CFA0C990-845A-449A-999B-E28D457E3202}.Debug|Any CPU.ActiveCfg = Debug|Any CPU
		{CFA0C990-845A-449A-999B-E28D457E3202}.Debug|Any CPU.Build.0 = Debug|Any CPU
		{CFA0C990-845A-449A-999B-E28D457E3202}.Release|Any CPU.ActiveCfg = Release|Any CPU
		{CFA0C990-845A-449A-999B-E28D457E3202}.Release|Any CPU.Build.0 = Release|Any CPU
		{7796FF70-EB06-411E-A8F9-332269875716}.Debug|Any CPU.ActiveCfg = Debug|Any CPU
		{7796FF70-EB06-411E-A8F9-332269875716}.Debug|Any CPU.Build.0 = Debug|Any CPU
		{7796FF70-EB06-411E-A8F9-332269875716}.Release|Any CPU.ActiveCfg = Release|Any CPU
		{7796FF70-EB06-411E-A8F9-332269875716}.Release|Any CPU.Build.0 = Release|Any CPU
		{65301599-FB95-49F2-9073-277C6E470002}.Debug|Any CPU.ActiveCfg = Debug|Any CPU
		{65301599-FB95-49F2-9073-277C6E470002}.Debug|Any CPU.Build.0 = Debug|Any CPU
		{65301599-FB95-49F2-9073-277C6E470002}.Release|Any CPU.ActiveCfg = Release|Any CPU
		{65301599-FB95-49F2-9073-277C6E470002}.Release|Any CPU.Build.0 = Release|Any CPU
		{8DCCF8E6-79C4-4D10-9F60-FBC709024128}.Debug|Any CPU.ActiveCfg = Debug|Any CPU
		{8DCCF8E6-79C4-4D10-9F60-FBC709024128}.Debug|Any CPU.Build.0 = Debug|Any CPU
		{8DCCF8E6-79C4-4D10-9F60-FBC709024128}.Release|Any CPU.ActiveCfg = Release|Any CPU
		{8DCCF8E6-79C4-4D10-9F60-FBC709024128}.Release|Any CPU.Build.0 = Release|Any CPU
		{06131092-3C46-4D6B-85CE-4C962F01FCF7}.Debug|Any CPU.ActiveCfg = Debug|Any CPU
		{06131092-3C46-4D6B-85CE-4C962F01FCF7}.Debug|Any CPU.Build.0 = Debug|Any CPU
		{06131092-3C46-4D6B-85CE-4C962F01FCF7}.Release|Any CPU.ActiveCfg = Release|Any CPU
		{06131092-3C46-4D6B-85CE-4C962F01FCF7}.Release|Any CPU.Build.0 = Release|Any CPU
		{76694462-E911-4E65-8CB9-54D90750B33B}.Debug|Any CPU.ActiveCfg = Debug|Any CPU
		{76694462-E911-4E65-8CB9-54D90750B33B}.Debug|Any CPU.Build.0 = Debug|Any CPU
		{76694462-E911-4E65-8CB9-54D90750B33B}.Release|Any CPU.ActiveCfg = Release|Any CPU
		{76694462-E911-4E65-8CB9-54D90750B33B}.Release|Any CPU.Build.0 = Release|Any CPU
		{1B61368C-E2B3-455B-A155-3745EA72510D}.Debug|Any CPU.ActiveCfg = Debug|Any CPU
		{1B61368C-E2B3-455B-A155-3745EA72510D}.Debug|Any CPU.Build.0 = Debug|Any CPU
		{1B61368C-E2B3-455B-A155-3745EA72510D}.Release|Any CPU.ActiveCfg = Release|Any CPU
		{1B61368C-E2B3-455B-A155-3745EA72510D}.Release|Any CPU.Build.0 = Release|Any CPU
		{BAA09C9D-0B10-4976-8EB2-293E0B215494}.Debug|Any CPU.ActiveCfg = Debug|Any CPU
		{BAA09C9D-0B10-4976-8EB2-293E0B215494}.Debug|Any CPU.Build.0 = Debug|Any CPU
		{BAA09C9D-0B10-4976-8EB2-293E0B215494}.Release|Any CPU.ActiveCfg = Release|Any CPU
		{BAA09C9D-0B10-4976-8EB2-293E0B215494}.Release|Any CPU.Build.0 = Release|Any CPU
		{0CCF0C3F-8822-42D6-9487-19CAF0C2CDC0}.Debug|Any CPU.ActiveCfg = Debug|Any CPU
		{0CCF0C3F-8822-42D6-9487-19CAF0C2CDC0}.Debug|Any CPU.Build.0 = Debug|Any CPU
		{0CCF0C3F-8822-42D6-9487-19CAF0C2CDC0}.Release|Any CPU.ActiveCfg = Release|Any CPU
		{0CCF0C3F-8822-42D6-9487-19CAF0C2CDC0}.Release|Any CPU.Build.0 = Release|Any CPU
		{3B44B905-ECD9-4E75-A796-D333CCEC0EB3}.Debug|Any CPU.ActiveCfg = Debug|Any CPU
		{3B44B905-ECD9-4E75-A796-D333CCEC0EB3}.Debug|Any CPU.Build.0 = Debug|Any CPU
		{3B44B905-ECD9-4E75-A796-D333CCEC0EB3}.Release|Any CPU.ActiveCfg = Release|Any CPU
		{3B44B905-ECD9-4E75-A796-D333CCEC0EB3}.Release|Any CPU.Build.0 = Release|Any CPU
		{42BCC8B4-773E-49F6-8A70-B6DB5010ABF4}.Debug|Any CPU.ActiveCfg = Debug|Any CPU
		{42BCC8B4-773E-49F6-8A70-B6DB5010ABF4}.Debug|Any CPU.Build.0 = Debug|Any CPU
		{42BCC8B4-773E-49F6-8A70-B6DB5010ABF4}.Release|Any CPU.ActiveCfg = Release|Any CPU
		{42BCC8B4-773E-49F6-8A70-B6DB5010ABF4}.Release|Any CPU.Build.0 = Release|Any CPU
		{596E9697-388F-4123-B52C-DDF574E048D0}.Debug|Any CPU.ActiveCfg = Debug|Any CPU
		{596E9697-388F-4123-B52C-DDF574E048D0}.Debug|Any CPU.Build.0 = Debug|Any CPU
		{596E9697-388F-4123-B52C-DDF574E048D0}.Release|Any CPU.ActiveCfg = Release|Any CPU
		{596E9697-388F-4123-B52C-DDF574E048D0}.Release|Any CPU.Build.0 = Release|Any CPU
		{9834CE9D-5406-40EA-8960-717B4C015B91}.Debug|Any CPU.ActiveCfg = Debug|Any CPU
		{9834CE9D-5406-40EA-8960-717B4C015B91}.Debug|Any CPU.Build.0 = Debug|Any CPU
		{9834CE9D-5406-40EA-8960-717B4C015B91}.Release|Any CPU.ActiveCfg = Release|Any CPU
		{9834CE9D-5406-40EA-8960-717B4C015B91}.Release|Any CPU.Build.0 = Release|Any CPU
		{AE00810C-5918-494F-97CF-85D8385A8475}.Debug|Any CPU.ActiveCfg = Debug|Any CPU
		{AE00810C-5918-494F-97CF-85D8385A8475}.Debug|Any CPU.Build.0 = Debug|Any CPU
		{AE00810C-5918-494F-97CF-85D8385A8475}.Release|Any CPU.ActiveCfg = Release|Any CPU
		{AE00810C-5918-494F-97CF-85D8385A8475}.Release|Any CPU.Build.0 = Release|Any CPU
		{2F4E1260-7EA2-4FFC-8C90-CF4D2EAC659F}.Debug|Any CPU.ActiveCfg = Debug|Any CPU
		{2F4E1260-7EA2-4FFC-8C90-CF4D2EAC659F}.Debug|Any CPU.Build.0 = Debug|Any CPU
		{2F4E1260-7EA2-4FFC-8C90-CF4D2EAC659F}.Release|Any CPU.ActiveCfg = Release|Any CPU
		{2F4E1260-7EA2-4FFC-8C90-CF4D2EAC659F}.Release|Any CPU.Build.0 = Release|Any CPU
		{4086F991-2CF6-4D3B-800E-3B0D493FA3B9}.Debug|Any CPU.ActiveCfg = Debug|Any CPU
		{4086F991-2CF6-4D3B-800E-3B0D493FA3B9}.Debug|Any CPU.Build.0 = Debug|Any CPU
		{4086F991-2CF6-4D3B-800E-3B0D493FA3B9}.Release|Any CPU.ActiveCfg = Release|Any CPU
		{4086F991-2CF6-4D3B-800E-3B0D493FA3B9}.Release|Any CPU.Build.0 = Release|Any CPU
		{0425BDE4-57EB-4C9D-A461-861B9E07C825}.Debug|Any CPU.ActiveCfg = Debug|Any CPU
		{0425BDE4-57EB-4C9D-A461-861B9E07C825}.Debug|Any CPU.Build.0 = Debug|Any CPU
		{0425BDE4-57EB-4C9D-A461-861B9E07C825}.Release|Any CPU.ActiveCfg = Release|Any CPU
		{0425BDE4-57EB-4C9D-A461-861B9E07C825}.Release|Any CPU.Build.0 = Release|Any CPU
		{3CCC7D2D-252F-4639-90CC-CAFDF4B5CA8C}.Debug|Any CPU.ActiveCfg = Debug|Any CPU
		{3CCC7D2D-252F-4639-90CC-CAFDF4B5CA8C}.Debug|Any CPU.Build.0 = Debug|Any CPU
		{3CCC7D2D-252F-4639-90CC-CAFDF4B5CA8C}.Release|Any CPU.ActiveCfg = Release|Any CPU
		{3CCC7D2D-252F-4639-90CC-CAFDF4B5CA8C}.Release|Any CPU.Build.0 = Release|Any CPU
		{FF675CB2-520D-4D2C-8C1E-F1B3D0FDC5B1}.Debug|Any CPU.ActiveCfg = Debug|Any CPU
		{FF675CB2-520D-4D2C-8C1E-F1B3D0FDC5B1}.Debug|Any CPU.Build.0 = Debug|Any CPU
		{FF675CB2-520D-4D2C-8C1E-F1B3D0FDC5B1}.Release|Any CPU.ActiveCfg = Release|Any CPU
		{FF675CB2-520D-4D2C-8C1E-F1B3D0FDC5B1}.Release|Any CPU.Build.0 = Release|Any CPU
		{BA890065-DAD7-481B-91A7-3F0270068A2D}.Debug|Any CPU.ActiveCfg = Debug|Any CPU
		{BA890065-DAD7-481B-91A7-3F0270068A2D}.Debug|Any CPU.Build.0 = Debug|Any CPU
		{BA890065-DAD7-481B-91A7-3F0270068A2D}.Release|Any CPU.ActiveCfg = Release|Any CPU
		{BA890065-DAD7-481B-91A7-3F0270068A2D}.Release|Any CPU.Build.0 = Release|Any CPU
	EndGlobalSection
	GlobalSection(SolutionProperties) = preSolution
		HideSolutionNode = FALSE
	EndGlobalSection
	GlobalSection(NestedProjects) = preSolution
		{398D235C-FC7A-4344-8764-058DAC287743} = {02EA681E-C7D8-13C7-8484-4AC65E1B71E8}
		{FB0DE5A1-CA16-450D-AE04-5D208BEA72B6} = {02EA681E-C7D8-13C7-8484-4AC65E1B71E8}
		{F4AFB6DF-CA54-4849-A39D-BA862A12282D} = {02EA681E-C7D8-13C7-8484-4AC65E1B71E8}
		{DB0DB53E-FBEA-425D-875B-CEE2DF07684C} = {02EA681E-C7D8-13C7-8484-4AC65E1B71E8}
		{E8058C04-6448-43AB-9E1E-DF946410EAD3} = {FB0DE5A1-CA16-450D-AE04-5D208BEA72B6}
		{06CC1F2F-F8C3-4375-A35E-B4D8A15AA241} = {FB0DE5A1-CA16-450D-AE04-5D208BEA72B6}
		{CFA0C990-845A-449A-999B-E28D457E3202} = {FB0DE5A1-CA16-450D-AE04-5D208BEA72B6}
		{7796FF70-EB06-411E-A8F9-332269875716} = {FB0DE5A1-CA16-450D-AE04-5D208BEA72B6}
		{65301599-FB95-49F2-9073-277C6E470002} = {FB0DE5A1-CA16-450D-AE04-5D208BEA72B6}
		{8DCCF8E6-79C4-4D10-9F60-FBC709024128} = {F4AFB6DF-CA54-4849-A39D-BA862A12282D}
		{06131092-3C46-4D6B-85CE-4C962F01FCF7} = {F4AFB6DF-CA54-4849-A39D-BA862A12282D}
		{76694462-E911-4E65-8CB9-54D90750B33B} = {F4AFB6DF-CA54-4849-A39D-BA862A12282D}
		{1B61368C-E2B3-455B-A155-3745EA72510D} = {F4AFB6DF-CA54-4849-A39D-BA862A12282D}
		{BAA09C9D-0B10-4976-8EB2-293E0B215494} = {F4AFB6DF-CA54-4849-A39D-BA862A12282D}
		{0CCF0C3F-8822-42D6-9487-19CAF0C2CDC0} = {02EA681E-C7D8-13C7-8484-4AC65E1B71E8}
		{3B44B905-ECD9-4E75-A796-D333CCEC0EB3} = {02EA681E-C7D8-13C7-8484-4AC65E1B71E8}
		{CEDE97F9-F878-41EE-B659-77C3002B59C3} = {02EA681E-C7D8-13C7-8484-4AC65E1B71E8}
		{42BCC8B4-773E-49F6-8A70-B6DB5010ABF4} = {CEDE97F9-F878-41EE-B659-77C3002B59C3}
		{596E9697-388F-4123-B52C-DDF574E048D0} = {CEDE97F9-F878-41EE-B659-77C3002B59C3}
		{9834CE9D-5406-40EA-8960-717B4C015B91} = {CEDE97F9-F878-41EE-B659-77C3002B59C3}
		{AE00810C-5918-494F-97CF-85D8385A8475} = {CEDE97F9-F878-41EE-B659-77C3002B59C3}
		{2F4E1260-7EA2-4FFC-8C90-CF4D2EAC659F} = {CEDE97F9-F878-41EE-B659-77C3002B59C3}
		{4086F991-2CF6-4D3B-800E-3B0D493FA3B9} = {DB0DB53E-FBEA-425D-875B-CEE2DF07684C}
		{0425BDE4-57EB-4C9D-A461-861B9E07C825} = {DB0DB53E-FBEA-425D-875B-CEE2DF07684C}
		{3CCC7D2D-252F-4639-90CC-CAFDF4B5CA8C} = {DB0DB53E-FBEA-425D-875B-CEE2DF07684C}
		{FF675CB2-520D-4D2C-8C1E-F1B3D0FDC5B1} = {DB0DB53E-FBEA-425D-875B-CEE2DF07684C}
		{BA890065-DAD7-481B-91A7-3F0270068A2D} = {DB0DB53E-FBEA-425D-875B-CEE2DF07684C}
	EndGlobalSection
	GlobalSection(ExtensibilityGlobals) = postSolution
		SolutionGuid = {E50CF6FB-B798-47B7-9389-99AFAAE0B1D9}
	EndGlobalSection
EndGlobal
